# THIS IS AN AUTOGENERATED FILE. DO NOT EDIT THIS FILE DIRECTLY.
# yarn lockfile v1


"@babel/code-frame@^7.5.5":
  version "7.8.3"
  resolved "https://registry.yarnpkg.com/@babel/code-frame/-/code-frame-7.8.3.tgz#33e25903d7481181534e12ec0a25f16b6fcf419e"
  integrity sha512-a9gxpmdXtZEInkCSHUJDLHZVBgb1QS0jhss4cPP93EW7s+uC5bikET2twEF3KV+7rDblJcmNvTR7VJejqd2C2g==
  dependencies:
    "@babel/highlight" "^7.8.3"

"@babel/helper-validator-identifier@^7.9.0":
  version "7.9.5"
  resolved "https://registry.yarnpkg.com/@babel/helper-validator-identifier/-/helper-validator-identifier-7.9.5.tgz#90977a8e6fbf6b431a7dc31752eee233bf052d80"
  integrity sha512-/8arLKUFq882w4tWGj9JYzRpAlZgiWUJ+dtteNTDqrRBz9Iguck9Rn3ykuBDoUwh2TO4tSAJlrxDUOXWklJe4g==

"@babel/highlight@^7.8.3":
  version "7.9.0"
  resolved "https://registry.yarnpkg.com/@babel/highlight/-/highlight-7.9.0.tgz#4e9b45ccb82b79607271b2979ad82c7b68163079"
  integrity sha512-lJZPilxX7Op3Nv/2cvFdnlepPXDxi29wxteT57Q965oc5R9v86ztx0jfxVrTcBk8C2kcPkkDa2Z4T3ZsPPVWsQ==
  dependencies:
    "@babel/helper-validator-identifier" "^7.9.0"
    chalk "^2.0.0"
    js-tokens "^4.0.0"

"@polymer/app-layout@^3.1.0":
  version "3.1.0"
  resolved "https://registry.yarnpkg.com/@polymer/app-layout/-/app-layout-3.1.0.tgz#b146cd2ce202e079ac51059a4fcaef03f5b2f3c4"
  integrity sha512-+jf5/TtUDj/la9Vi59ooGNjnTN8JTkyIUK8gxAms0N3MmyeqrmcNLlJKDVyE6IIGKz0WfFeGKqKtmtTLHrZIlg==
  dependencies:
    "@polymer/iron-flex-layout" "^3.0.0-pre.26"
    "@polymer/iron-media-query" "^3.0.0-pre.26"
    "@polymer/iron-resizable-behavior" "^3.0.0-pre.26"
    "@polymer/iron-scroll-target-behavior" "^3.0.0-pre.26"
    "@polymer/polymer" "^3.0.0"

"@polymer/app-route@^3.0.2":
  version "3.0.2"
  resolved "https://registry.yarnpkg.com/@polymer/app-route/-/app-route-3.0.2.tgz#749096fb610fb15d27c7b68446406f30786cf93d"
  integrity sha512-8Y34evmsaYh7ONr+zLwLzXaU0iOZZQj1E2uB3iaToQHbOP1POhKlnmAycBQ/eFB8BwrdSUBaDQk+rZhio78FQw==
  dependencies:
    "@polymer/iron-location" "^3.0.0-pre.26"
    "@polymer/polymer" "^3.0.0"

"@polymer/app-storage@^3.0.3":
  version "3.0.3"
  resolved "https://registry.yarnpkg.com/@polymer/app-storage/-/app-storage-3.0.3.tgz#72268d318bce31740246430ea8849e3fee817e07"
  integrity sha512-t9SpRbtU3SHKlavE/CvIPhFmhJ0D4dfdFnHwXCjLHfx2SL+PBCk/dmJNNFaCxmNm7bml8xonGpeqtfvbfzdiyQ==
  dependencies:
    "@polymer/polymer" "^3.0.0"

"@polymer/font-roboto@^3.0.1":
  version "3.0.2"
  resolved "https://registry.yarnpkg.com/@polymer/font-roboto/-/font-roboto-3.0.2.tgz#80cdaa7225db2359130dfb2c6d9a3be1820020c3"
  integrity sha512-tx5TauYSmzsIvmSqepUPDYbs4/Ejz2XbZ1IkD7JEGqkdNUJlh+9KU85G56Tfdk/xjEZ8zorFfN09OSwiMrIQWA==

"@polymer/iron-a11y-keys-behavior@^3.0.0-pre.26":
  version "3.0.1"
  resolved "https://registry.yarnpkg.com/@polymer/iron-a11y-keys-behavior/-/iron-a11y-keys-behavior-3.0.1.tgz#2868ea72912d2007ffab4734684a91f5aac49b84"
  integrity sha512-lnrjKq3ysbBPT/74l0Fj0U9H9C35Tpw2C/tpJ8a+5g8Y3YJs1WSZYnEl1yOkw6sEyaxOq/1DkzH0+60gGu5/PQ==
  dependencies:
    "@polymer/polymer" "^3.0.0"

"@polymer/iron-ajax@^3.0.1":
  version "3.0.1"
  resolved "https://registry.yarnpkg.com/@polymer/iron-ajax/-/iron-ajax-3.0.1.tgz#831781be31ced011ac7243a46e34a775a4bb3133"
  integrity sha512-7+TPEAfWsRdhj1Y8UeF1759ktpVu+c3sG16rJiUC3wF9+woQ9xI1zUm2d59i7Yc3aDEJrR/Q8Y262KlOvyGVNg==
  dependencies:
    "@polymer/polymer" "^3.0.0"

"@polymer/iron-behaviors@^3.0.0-pre.26":
  version "3.0.1"
  resolved "https://registry.yarnpkg.com/@polymer/iron-behaviors/-/iron-behaviors-3.0.1.tgz#a3b6f876779a7f0a91a15e4423890968b6525901"
  integrity sha512-IMEwcv1lhf1HSQxuyWOUIL0lOBwmeaoSTpgCJeP9IBYnuB1SPQngmfRuHKgK6/m9LQ9F9miC7p3HeQQUdKAE0w==
  dependencies:
    "@polymer/iron-a11y-keys-behavior" "^3.0.0-pre.26"
    "@polymer/polymer" "^3.0.0"

"@polymer/iron-checked-element-behavior@^3.0.0-pre.26":
  version "3.0.1"
  resolved "https://registry.yarnpkg.com/@polymer/iron-checked-element-behavior/-/iron-checked-element-behavior-3.0.1.tgz#7a4b49646603657ab2c5e5ca7bd97f34444fdaf5"
  integrity sha512-aDr0cbCNVq49q+pOqa6CZutFh+wWpwPMLpEth9swx+GkAj+gCURhuQkaUYhIo5f2egDbEioR1aeHMnPlU9dQZA==
  dependencies:
    "@polymer/iron-form-element-behavior" "^3.0.0-pre.26"
    "@polymer/iron-validatable-behavior" "^3.0.0-pre.26"
    "@polymer/polymer" "^3.0.0"

"@polymer/iron-collapse@^3.0.1":
  version "3.0.1"
  resolved "https://registry.yarnpkg.com/@polymer/iron-collapse/-/iron-collapse-3.0.1.tgz#6417c84f5405ed909187765d9242e3b87ba4626f"
  integrity sha512-yg6q5ZyckQR9VL9VmLrSTkSFXWy9AcJC8KtnD5cg0EHRPbakE8I9S/gVAgeP4nMWV2a/BjLLC4IBygcCMDhAGw==
  dependencies:
    "@polymer/iron-resizable-behavior" "^3.0.0-pre.26"
    "@polymer/polymer" "^3.0.0"

"@polymer/iron-dropdown@^3.0.1":
  version "3.0.1"
  resolved "https://registry.yarnpkg.com/@polymer/iron-dropdown/-/iron-dropdown-3.0.1.tgz#c573faa1a08c179d201ae877c1c726018314bff3"
  integrity sha512-22yLhepfcKjuQMfFmRHi/9MPKTqkzgRrmWWW0P5uqK++xle53k2QBO5VYUAYiCN3ZcxIi9lEhZ9YWGeQj2JBig==
  dependencies:
    "@polymer/iron-behaviors" "^3.0.0-pre.26"
    "@polymer/iron-overlay-behavior" "^3.0.0-pre.27"
    "@polymer/neon-animation" "^3.0.0-pre.26"
    "@polymer/polymer" "^3.0.0"

"@polymer/iron-fit-behavior@^3.0.0-pre.26":
  version "3.0.2"
  resolved "https://registry.yarnpkg.com/@polymer/iron-fit-behavior/-/iron-fit-behavior-3.0.2.tgz#2ec460d8a6b0151394b55631a72a68b92e14e2e0"
  integrity sha512-JndryJYbBR3gSN5IlST4rCHsd01+OyvYpRO6z5Zd3C6u5V/m07TwAtcf3aXwZ8WBNt2eLG28OcvdSO7XR2v2pg==
  dependencies:
    "@polymer/polymer" "^3.0.0"

"@polymer/iron-flex-layout@^3.0.0-pre.26", "@polymer/iron-flex-layout@^3.0.1":
  version "3.0.1"
  resolved "https://registry.yarnpkg.com/@polymer/iron-flex-layout/-/iron-flex-layout-3.0.1.tgz#36f9e1a8eb792d279b2bc75d362628721ad37f0c"
  integrity sha512-7gB869czArF+HZcPTVSgvA7tXYFze9EKckvM95NB7SqYF+NnsQyhoXgKnpFwGyo95lUjUW9TFDLUwDXnCYFtkw==
  dependencies:
    "@polymer/polymer" "^3.0.0"

"@polymer/iron-form-element-behavior@^3.0.0-pre.26":
  version "3.0.1"
  resolved "https://registry.yarnpkg.com/@polymer/iron-form-element-behavior/-/iron-form-element-behavior-3.0.1.tgz#4c79e1981d7796ce659e997f3b8f5e14b4a075a4"
  integrity sha512-G/e2KXyL5AY7mMjmomHkGpgS0uAf4ovNpKhkuUTRnMuMJuf589bKqE85KN4ovE1Tzhv2hJoh/igyD6ekHiYU1A==
  dependencies:
    "@polymer/polymer" "^3.0.0"

"@polymer/iron-icon@^3.0.0-pre.26", "@polymer/iron-icon@^3.0.1":
  version "3.0.1"
  resolved "https://registry.yarnpkg.com/@polymer/iron-icon/-/iron-icon-3.0.1.tgz#93211c39d8825fe4965a68419566036c1df291eb"
  integrity sha512-QLPwirk+UPZNaLnMew9VludXA4CWUCenRewgEcGYwdzVgDPCDbXxy6vRJjmweZobMQv/oVLppT2JZtJFnPxX6g==
  dependencies:
    "@polymer/iron-flex-layout" "^3.0.0-pre.26"
    "@polymer/iron-meta" "^3.0.0-pre.26"
    "@polymer/polymer" "^3.0.0"

"@polymer/iron-iconset-svg@^3.0.1":
  version "3.0.1"
  resolved "https://registry.yarnpkg.com/@polymer/iron-iconset-svg/-/iron-iconset-svg-3.0.1.tgz#568d6e7dbc120299dae63be3600aeba0d30ddbea"
  integrity sha512-XNwURbNHRw6u2fJe05O5fMYye6GSgDlDqCO+q6K1zAnKIrpgZwf2vTkBd5uCcZwsN0FyCB3mvNZx4jkh85dRDw==
  dependencies:
    "@polymer/iron-meta" "^3.0.0-pre.26"
    "@polymer/polymer" "^3.0.0"

"@polymer/iron-location@^3.0.0-pre.26":
  version "3.0.2"
  resolved "https://registry.yarnpkg.com/@polymer/iron-location/-/iron-location-3.0.2.tgz#7ca2df089c57deb8a6f54f5cc3722af0ff871441"
  integrity sha512-75XlPsrm6RQUPNzWWaA0TnTQaWZUYX8UB4Q6WCjikKWzmaSCCxlBrVVYf8WRqtCxw/PeCvLn5kGL6qhTlNTCEA==
  dependencies:
    "@polymer/polymer" "^3.0.0"

"@polymer/iron-media-query@^3.0.0-pre.26", "@polymer/iron-media-query@^3.0.1":
  version "3.0.1"
  resolved "https://registry.yarnpkg.com/@polymer/iron-media-query/-/iron-media-query-3.0.1.tgz#5cd8a1c1e8c9b8bafd3dd5da14e0f8d2cfa76d83"
  integrity sha512-czUX1pm1zfmfcZtq5J57XFkcobBv08Y50exp0/3v8Bos5VL/jv2tU0RwiTfDBxUMhjicGbgwEBFQPY2V5DMzyw==
  dependencies:
    "@polymer/polymer" "^3.0.0"

"@polymer/iron-meta@^3.0.0-pre.26", "@polymer/iron-meta@^3.0.1":
  version "3.0.1"
  resolved "https://registry.yarnpkg.com/@polymer/iron-meta/-/iron-meta-3.0.1.tgz#7f140628d127b0a284f882f1bb323a261bc125f5"
  integrity sha512-pWguPugiLYmWFV9UWxLWzZ6gm4wBwQdDy4VULKwdHCqR7OP7u98h+XDdGZsSlDPv6qoryV/e3tGHlTIT0mbzJA==
  dependencies:
    "@polymer/polymer" "^3.0.0"

"@polymer/iron-overlay-behavior@^3.0.0-pre.27":
  version "3.0.3"
  resolved "https://registry.yarnpkg.com/@polymer/iron-overlay-behavior/-/iron-overlay-behavior-3.0.3.tgz#29c198e19e05bb2bcf7d86d3c11848cb93301d00"
  integrity sha512-Q/Fp0+uOQQ145ebZ7T8Cxl4m1tUKYjyymkjcL2rXUm+aDQGb1wA1M1LYxUF5YBqd+9lipE0PTIiYwA2ZL/sznA==
  dependencies:
    "@polymer/iron-a11y-keys-behavior" "^3.0.0-pre.26"
    "@polymer/iron-fit-behavior" "^3.0.0-pre.26"
    "@polymer/iron-resizable-behavior" "^3.0.0-pre.26"
    "@polymer/polymer" "^3.0.0"

"@polymer/iron-resizable-behavior@^3.0.0-pre.26":
  version "3.0.1"
  resolved "https://registry.yarnpkg.com/@polymer/iron-resizable-behavior/-/iron-resizable-behavior-3.0.1.tgz#e284348ed7c1c7e263f7039297532fa954025ea2"
  integrity sha512-FyHxRxFspVoRaeZSWpT3y0C9awomb4tXXolIJcZ7RvXhMP632V5lez+ch5G5SwK0LpnAPkg35eB0LPMFv+YMMQ==
  dependencies:
    "@polymer/polymer" "^3.0.0"

"@polymer/iron-scroll-target-behavior@^3.0.0-pre.26":
  version "3.0.1"
  resolved "https://registry.yarnpkg.com/@polymer/iron-scroll-target-behavior/-/iron-scroll-target-behavior-3.0.1.tgz#29fa644b320fb29ab6c68eb6d08a6520157764ac"
  integrity sha512-xg1WanG25BIkQE8rhuReqY9zx1K5M7F+YAIYpswEp5eyDIaZ1Y3vUmVeQ3KG+hiSugzI1M752azXN7kvyhOBcQ==
  dependencies:
    "@polymer/polymer" "^3.0.0"

"@polymer/iron-selector@^3.0.0-pre.26":
  version "3.0.1"
  resolved "https://registry.yarnpkg.com/@polymer/iron-selector/-/iron-selector-3.0.1.tgz#e845bec58489c96b4e7609525532437869ad5a88"
  integrity sha512-sBVk2uas6prW0glUe2xEJJYlvxmYzM40Au9OKbfDK2Qekou/fLKcBRyIYI39kuI8zWRaip8f3CI8qXcUHnKb1A==
  dependencies:
    "@polymer/polymer" "^3.0.0"

"@polymer/iron-validatable-behavior@^3.0.0-pre.26":
  version "3.0.1"
  resolved "https://registry.yarnpkg.com/@polymer/iron-validatable-behavior/-/iron-validatable-behavior-3.0.1.tgz#73538f005a07741c31b6fc1e981168c3d3e0d92b"
  integrity sha512-wwpYh6wOa4fNI+jH5EYKC7TVPYQ2OfgQqocWat7GsNWcsblKYhLYbwsvEY5nO0n2xKqNfZzDLrUom5INJN7msQ==
  dependencies:
    "@polymer/iron-meta" "^3.0.0-pre.26"
    "@polymer/polymer" "^3.0.0"

"@polymer/marked-element@^3.0.1":
  version "3.0.1"
  resolved "https://registry.yarnpkg.com/@polymer/marked-element/-/marked-element-3.0.1.tgz#56add62080404dea142c055977807ae9ca773a89"
  integrity sha512-WJQzQetxdStVGQbyTBUBgd+hSI0Rl39uJg7b2zL3r6EfMnibzmA/YNT06M8jVZdxPF+B4SumrFWRtasVtGQRUQ==
  dependencies:
    "@polymer/polymer" "^3.0.0"
    marked "~0.3.9"

"@polymer/neon-animation@^3.0.0-pre.26":
  version "3.0.1"
  resolved "https://registry.yarnpkg.com/@polymer/neon-animation/-/neon-animation-3.0.1.tgz#6658e4b524abc057477772a7473292493d366c24"
  integrity sha512-cDDc0llpVCe0ATbDS3clDthI54Bc8YwZIeTGGmBJleKOvbRTUC5+ssJmRL+VwVh+VM5FlnQlx760ppftY3uprg==
  dependencies:
    "@polymer/iron-resizable-behavior" "^3.0.0-pre.26"
    "@polymer/iron-selector" "^3.0.0-pre.26"
    "@polymer/polymer" "^3.0.0"

"@polymer/paper-badge@^3.1.0":
  version "3.1.0"
  resolved "https://registry.yarnpkg.com/@polymer/paper-badge/-/paper-badge-3.1.0.tgz#d973de4c92324ced2b6c408082976b5343e26e2b"
  integrity sha512-5SH5Xw9ji16BjIZT2wY7oVgWX01fDyzm/nGnDi55iujPGsfaPV1itze7c9/3wlmgI+b28KBApUY9hW8f0h2V6g==
  dependencies:
    "@polymer/iron-flex-layout" "^3.0.0-pre.26"
    "@polymer/iron-icon" "^3.0.0-pre.26"
    "@polymer/iron-resizable-behavior" "^3.0.0-pre.26"
    "@polymer/paper-styles" "^3.0.0-pre.26"
    "@polymer/polymer" "^3.0.0"

"@polymer/paper-behaviors@^3.0.0-pre.27":
  version "3.0.1"
  resolved "https://registry.yarnpkg.com/@polymer/paper-behaviors/-/paper-behaviors-3.0.1.tgz#83f1cd06489f484c1b108a2967fb01952df722ad"
  integrity sha512-6knhj69fPJejv8qR0kCSUY+Q0XjaUf0OSnkjRjmTJPAwSrRYtgqE+l6P1FfA+py1X/cUjgne9EF5rMZAKJIg1g==
  dependencies:
    "@polymer/iron-behaviors" "^3.0.0-pre.26"
    "@polymer/iron-checked-element-behavior" "^3.0.0-pre.26"
    "@polymer/paper-ripple" "^3.0.0-pre.26"
    "@polymer/polymer" "^3.0.0"

"@polymer/paper-button@^3.0.1":
  version "3.0.1"
  resolved "https://registry.yarnpkg.com/@polymer/paper-button/-/paper-button-3.0.1.tgz#f13b019137e3f6ccc4d04d0b1f27f4830ea5774d"
  integrity sha512-JRNBc+Oj9EWnmyLr7FcCr8T1KAnEHPh6mosln9BUdkM+qYaYsudSICh3cjTIbnj6AuF5OJidoLkM1dlyj0j6Zg==
  dependencies:
    "@polymer/iron-flex-layout" "^3.0.0-pre.26"
    "@polymer/paper-behaviors" "^3.0.0-pre.27"
    "@polymer/paper-styles" "^3.0.0-pre.26"
    "@polymer/polymer" "^3.0.0"

"@polymer/paper-dialog-behavior@^3.0.0-pre.26":
  version "3.0.1"
  resolved "https://registry.yarnpkg.com/@polymer/paper-dialog-behavior/-/paper-dialog-behavior-3.0.1.tgz#819b2fbb9444c1c318ddf55f02819bb29a85657b"
  integrity sha512-wbI4kCK8le/9MHT+IXzvHjoatxf3kd3Yn0tgozAiAwfSZ7N4Ubpi5MHrK0m9S9PeIxKokAgBYdTUrezSE5378A==
  dependencies:
    "@polymer/iron-overlay-behavior" "^3.0.0-pre.27"
    "@polymer/paper-styles" "^3.0.0-pre.26"
    "@polymer/polymer" "^3.0.0"

"@polymer/paper-dialog@^3.0.1":
  version "3.0.1"
  resolved "https://registry.yarnpkg.com/@polymer/paper-dialog/-/paper-dialog-3.0.1.tgz#728ebdbfc4d35ec1485e543434cef5dba476f15e"
  integrity sha512-KvglYbEq7AWJvui2j6WKLnOvgVMeGjovAydGrPRj7kVzCiD49Eq/hpYFJTRV5iDcalWH+mORUpw+jrFnG9+Kgw==
  dependencies:
    "@polymer/iron-overlay-behavior" "^3.0.0-pre.27"
    "@polymer/neon-animation" "^3.0.0-pre.26"
    "@polymer/paper-dialog-behavior" "^3.0.0-pre.26"
    "@polymer/polymer" "^3.0.0"

"@polymer/paper-ripple@^3.0.0-pre.26":
  version "3.0.2"
  resolved "https://registry.yarnpkg.com/@polymer/paper-ripple/-/paper-ripple-3.0.2.tgz#52566f5ee367942022ceaa991368105d21403de5"
  integrity sha512-DnLNvYIMsiayeICroYxx6Q6Hg1cUU8HN2sbutXazlemAlGqdq80qz3TIaVdbpbt/pvjcFGX2HtntMlPstCge8Q==
  dependencies:
    "@polymer/iron-a11y-keys-behavior" "^3.0.0-pre.26"
    "@polymer/polymer" "^3.0.0"

"@polymer/paper-styles@^3.0.0-pre.26":
  version "3.0.1"
  resolved "https://registry.yarnpkg.com/@polymer/paper-styles/-/paper-styles-3.0.1.tgz#bd4962b83ab8432cd1cf197bb5222d3a08f135e1"
  integrity sha512-y6hmObLqlCx602TQiSBKHqjwkE7xmDiFkoxdYGaNjtv4xcysOTdVJsDR/R9UHwIaxJ7gHlthMSykir1nv78++g==
  dependencies:
    "@polymer/font-roboto" "^3.0.1"
    "@polymer/iron-flex-layout" "^3.0.0-pre.26"
    "@polymer/polymer" "^3.0.0"

"@polymer/paper-toggle-button@^3.0.1":
  version "3.0.1"
  resolved "https://registry.yarnpkg.com/@polymer/paper-toggle-button/-/paper-toggle-button-3.0.1.tgz#7d855420f0df96e7f812a9f1bdcfbc5ab082e819"
  integrity sha512-jadZB60fycT7YnSAH0H23LYo6/2HYmMZTtNr9LpdSIRFPLX6mqqxewex92cFz019bMKaRJgORn308hRlJo2u6A==
  dependencies:
    "@polymer/iron-checked-element-behavior" "^3.0.0-pre.26"
    "@polymer/paper-behaviors" "^3.0.0-pre.27"
    "@polymer/paper-styles" "^3.0.0-pre.26"
    "@polymer/polymer" "^3.0.0"

"@polymer/polymer@^3.0.0":
  version "3.4.1"
  resolved "https://registry.yarnpkg.com/@polymer/polymer/-/polymer-3.4.1.tgz#333bef25711f8411bb5624fb3eba8212ef8bee96"
  integrity sha512-KPWnhDZibtqKrUz7enIPOiO4ZQoJNOuLwqrhV2MXzIt3VVnUVJVG5ORz4Z2sgO+UZ+/UZnPD0jqY+jmw/+a9mQ==
  dependencies:
    "@webcomponents/shadycss" "^1.9.1"

"@types/estree@0.0.39":
  version "0.0.39"
  resolved "https://registry.yarnpkg.com/@types/estree/-/estree-0.0.39.tgz#e177e699ee1b8c22d23174caaa7422644389509f"
  integrity sha512-EYNwp3bU+98cpU4lAWYYL7Zz+2gryWH1qbdDTidVd6hkiR6weksdbMadyXKXNPEkQFhXM+hVO9ZygomHXp+AIw==

"@types/node@*":
  version "14.0.5"
  resolved "https://registry.yarnpkg.com/@types/node/-/node-14.0.5.tgz#3d03acd3b3414cf67faf999aed11682ed121f22b"
  integrity sha512-90hiq6/VqtQgX8Sp0EzeIsv3r+ellbGj4URKj5j30tLlZvRUpnAe9YbYnjl3pJM93GyXU0tghHhvXHq+5rnCKA==

"@types/resolve@0.0.8":
  version "0.0.8"
  resolved "https://registry.yarnpkg.com/@types/resolve/-/resolve-0.0.8.tgz#f26074d238e02659e323ce1a13d041eee280e194"
  integrity sha512-auApPaJf3NPfe18hSoJkp8EbZzer2ISk7o8mCC3M9he/a04+gbMF97NkpD2S8riMGvm4BMRI59/SZQSaLTKpsQ==
  dependencies:
    "@types/node" "*"

"@uvalib/uvalib-alerts@^0.1.11":
  version "0.1.11"
  resolved "https://registry.yarnpkg.com/@uvalib/uvalib-alerts/-/uvalib-alerts-0.1.11.tgz#93615bc54336a04b2286f7e9ffdbcb0ecced67fc"
  integrity sha512-6QJV+2bX2YHKaHcMfhCfQ9iPJbEFttbSmb3nSDO8cOCwwpLi9FyR5yCJjxPtr0FXKIWmnyOV1UpXC2AfhzG0fQ==
  dependencies:
    "@polymer/iron-collapse" "^3.0.1"
    "@polymer/marked-element" "^3.0.1"
    "@polymer/paper-button" "^3.0.1"
    "@polymer/polymer" "^3.0.0"
    "@uvalib/uvalib-models" "^0.1.10"
    "@uvalib/uvalib-theme" "^0.1.4"
    "@uvalib/uvalib-ui-base" "^0.1.4"
    lit-element "^2.3.1"

"@uvalib/uvalib-footer@^0.1.4":
  version "0.1.4"
  resolved "https://registry.yarnpkg.com/@uvalib/uvalib-footer/-/uvalib-footer-0.1.4.tgz#0192fd6171e924c917f82729d7f826c39fc473ea"
  integrity sha512-GPNCX+ZnsViL32nfpD0sWZLLNLVxviqOr+khubTdHwkypeTEsen9gVwyvZG56i5XvBB9bqrEXnkhs5d0I5SGsg==
  dependencies:
    "@polymer/iron-dropdown" "^3.0.1"
    "@polymer/paper-button" "^3.0.1"
    "@polymer/polymer" "^3.0.0"
    "@uvalib/uvalib-theme" "^0.1.4"
    "@uvalib/uvalib-ui-base" "^0.1.4"
    lit-element "^2.2.1"

"@uvalib/uvalib-header@^0.1.11":
  version "0.1.11"
  resolved "https://registry.yarnpkg.com/@uvalib/uvalib-header/-/uvalib-header-0.1.11.tgz#8483fe8a9156bf53842f1ddbcc9b71e96bb6f282"
  integrity sha512-5k4ZZo3J4vfySPObUyJOUg1wXeFtWHqzrKdQR1qOO3FJJi+e43H+nfuISp3TPZd6HTJOoGGr2dpNrS+rm0/itg==
  dependencies:
    "@polymer/app-layout" "^3.1.0"
    "@polymer/app-storage" "^3.0.3"
    "@polymer/iron-flex-layout" "^3.0.1"
    "@polymer/iron-icon" "^3.0.1"
    "@polymer/iron-meta" "^3.0.1"
    "@polymer/paper-badge" "^3.1.0"
    "@polymer/paper-button" "^3.0.1"
    "@polymer/paper-dialog" "^3.0.1"
    "@polymer/paper-toggle-button" "^3.0.1"
    "@polymer/polymer" "^3.0.0"
    "@uvalib/uvalib-alerts" "^0.1.11"
    "@uvalib/uvalib-logos" "^0.1.4"
    "@uvalib/uvalib-search-box" "^0.1.4"
    "@uvalib/uvalib-theme" "^0.1.4"
    "@uvalib/uvalib-ui-base" "^0.1.4"

"@uvalib/uvalib-logos@^0.1.4":
  version "0.1.4"
  resolved "https://registry.yarnpkg.com/@uvalib/uvalib-logos/-/uvalib-logos-0.1.4.tgz#b80f495d203b7866f7873479fe168069f5cdab25"
  integrity sha512-DuYPiwtMGiz2hKxpmTY0XhexHKctzzmmnfvmLtR2nQsBntXfbwi8RPnGhcOjAdZMANtPhieckaKsO3kE9J+NEw==
  dependencies:
    "@polymer/polymer" "^3.0.0"
    "@uvalib/uvalib-theme" "^0.1.4"
    "@uvalib/uvalib-ui-base" "^0.1.4"

"@uvalib/uvalib-models@^0.1.10":
  version "0.1.10"
  resolved "https://registry.yarnpkg.com/@uvalib/uvalib-models/-/uvalib-models-0.1.10.tgz#43db40b2e9d0031a0f0c11aab4d1bfc818ce4b8b"
  integrity sha512-v7nchMLOkD582UellVw3GSXWJ0OF4QclDNzXKcT9v6M/0/YaUncEJLfaYRLgy3qcwq1sF26aHHqzEZbx9lzTrw==
  dependencies:
    "@polymer/app-storage" "^3.0.3"
    "@polymer/iron-ajax" "^3.0.1"
    "@polymer/polymer" "^3.0.0"
    "@uvalib/uvalib-theme" "^0.1.4"
    "@uvalib/uvalib-ui-base" "^0.1.4"
    lit-element "^2.3.1"
    lodash-es "^4.17.15"

"@uvalib/uvalib-search-box@^0.1.4":
  version "0.1.4"
  resolved "https://registry.yarnpkg.com/@uvalib/uvalib-search-box/-/uvalib-search-box-0.1.4.tgz#e0fe75f9def820d94e0ad588627380c56a3c212c"
  integrity sha512-AHPPHTTSUZeWHcYxijmwYI+ZOQenFS+UE2oECraudZ0YHsQEBU7KP/3Q0+D6KuVhiLNpC6DTILgmGqbRq99Bnw==
  dependencies:
    "@polymer/iron-flex-layout" "^3.0.1"
    "@polymer/iron-icon" "^3.0.1"
    "@polymer/paper-button" "^3.0.1"
    "@polymer/polymer" "^3.0.0"
    "@uvalib/uvalib-theme" "^0.1.4"
    "@uvalib/uvalib-ui-base" "^0.1.4"

"@uvalib/uvalib-theme@^0.1.4":
  version "0.1.4"
  resolved "https://registry.yarnpkg.com/@uvalib/uvalib-theme/-/uvalib-theme-0.1.4.tgz#b492fb9fd22649fd9a985aeb1b29cb045374c57a"
  integrity sha512-ddct2wYPsyxrfr1Xhj7E8jOmyeBlsXy6FEjKlHTZa0MbHDOOo/laxQJ2Lz8XNAeEhR0kwrY13E6fRQxPnuunAA==
  dependencies:
    "@polymer/iron-icon" "^3.0.1"
    "@polymer/iron-iconset-svg" "^3.0.1"
    "@polymer/polymer" "^3.0.0"
    webfontloader "^1.6.28"

"@uvalib/uvalib-ui-base@^0.1.4":
  version "0.1.4"
  resolved "https://registry.yarnpkg.com/@uvalib/uvalib-ui-base/-/uvalib-ui-base-0.1.4.tgz#218186245da16c23797c4b1324649f2c7821df5e"
  integrity sha512-ST2lYZGpZmd04bKj6cMb31g96GzAM/bH4O4jqFkeu412S84ZnuOa1QDy+LRyabV0IV03ylONKKCp0Z4+8MvVuA==
  dependencies:
    "@polymer/app-route" "^3.0.2"
    "@polymer/iron-flex-layout" "^3.0.1"
    "@polymer/iron-media-query" "^3.0.1"
    "@polymer/polymer" "^3.0.0"
    "@uvalib/uvalib-theme" "^0.1.4"

"@webcomponents/shadycss@^1.9.1":
  version "1.9.6"
  resolved "https://registry.yarnpkg.com/@webcomponents/shadycss/-/shadycss-1.9.6.tgz#a8c5db867e49200a05cf8d5008029c09b7861979"
  integrity sha512-5fFjvP0jQJZoXK6YzYeYcIDGJ5oEsdjr1L9VaYLw5yxNd4aRz4srMpwCwldeNG0A6Hvr9igbG7fCsBeiiCXd7A==

ansi-styles@^3.2.1:
  version "3.2.1"
  resolved "https://registry.yarnpkg.com/ansi-styles/-/ansi-styles-3.2.1.tgz#41fbb20243e50b12be0f04b8dedbf07520ce841d"
  integrity sha512-VT0ZI6kZRdTh8YyJw3SMbYm/u+NqfsAxEpWO0Pf9sq8/e94WxxOpPKx9FR1FlyCtOVDNOQ+8ntlqFxiRc+r5qA==
  dependencies:
    color-convert "^1.9.0"

buffer-from@^1.0.0:
  version "1.1.1"
  resolved "https://registry.yarnpkg.com/buffer-from/-/buffer-from-1.1.1.tgz#32713bc028f75c02fdb710d7c7bcec1f2c6070ef"
  integrity sha512-MQcXEUbCKtEo7bhqEs6560Hyd4XaovZlO/k9V3hjVUF/zwW7KBVdSK4gIt/bzwS9MbR5qob+F5jusZsb0YQK2A==

builtin-modules@^3.1.0:
  version "3.1.0"
  resolved "https://registry.yarnpkg.com/builtin-modules/-/builtin-modules-3.1.0.tgz#aad97c15131eb76b65b50ef208e7584cd76a7484"
  integrity sha512-k0KL0aWZuBt2lrxrcASWDfwOLMnodeQjodT/1SxEQAXsHANgo6ZC/VEaSEHCXt7aSTZ4/4H5LKa+tBXmW7Vtvw==

chalk@^2.0.0:
  version "2.4.2"
  resolved "https://registry.yarnpkg.com/chalk/-/chalk-2.4.2.tgz#cd42541677a54333cf541a49108c1432b44c9424"
  integrity sha512-Mti+f9lpJNcwF4tWV8/OrTTtF1gZi+f8FqlyAdouralcFWFQWF2+NgCHShjkCb+IFBLq9buZwE1xckQU4peSuQ==
  dependencies:
    ansi-styles "^3.2.1"
    escape-string-regexp "^1.0.5"
    supports-color "^5.3.0"

color-convert@^1.9.0:
  version "1.9.3"
  resolved "https://registry.yarnpkg.com/color-convert/-/color-convert-1.9.3.tgz#bb71850690e1f136567de629d2d5471deda4c1e8"
  integrity sha512-QfAUtd+vFdAtFQcC8CCyYt1fYWxSqAiK2cSD6zDB8N3cpsEBAvRxp9zOGg6G/SHHJYAT88/az/IuDGALsNVbGg==
  dependencies:
    color-name "1.1.3"

color-name@1.1.3:
  version "1.1.3"
  resolved "https://registry.yarnpkg.com/color-name/-/color-name-1.1.3.tgz#a7d0558bd89c42f795dd42328f740831ca53bc25"
  integrity sha1-p9BVi9icQveV3UIyj3QIMcpTvCU=

commander@^2.20.0:
  version "2.20.3"
  resolved "https://registry.yarnpkg.com/commander/-/commander-2.20.3.tgz#fd485e84c03eb4881c20722ba48035e8531aeb33"
  integrity sha512-GpVkmM8vF2vQUkj2LvZmD35JxeJOLCwJ9cUkugyk2nuhbv3+mJvpLYYt+0+USMxE+oj+ey/lJEnhZw75x/OMcQ==

escape-string-regexp@^1.0.5:
  version "1.0.5"
  resolved "https://registry.yarnpkg.com/escape-string-regexp/-/escape-string-regexp-1.0.5.tgz#1b61c0562190a8dff6ae3bb2cf0200ca130b86d4"
  integrity sha1-G2HAViGQqN/2rjuyzwIAyhMLhtQ=

estree-walker@^0.6.1:
  version "0.6.1"
  resolved "https://registry.yarnpkg.com/estree-walker/-/estree-walker-0.6.1.tgz#53049143f40c6eb918b23671d1fe3219f3a1b362"
  integrity sha512-SqmZANLWS0mnatqbSfRP5g8OXZC12Fgg1IwNtLsyHDzJizORW4khDfjPqJZsemPWBB2uqykUah5YpQ6epsqC/w==

fsevents@~2.1.2:
  version "2.1.3"
  resolved "https://registry.yarnpkg.com/fsevents/-/fsevents-2.1.3.tgz#fb738703ae8d2f9fe900c33836ddebee8b97f23e"
  integrity sha512-Auw9a4AxqWpa9GUfj370BMPzzyncfBABW8Mab7BGWBYDj4Isgq+cDKtx0i6u9jcX9pQDnswsaaOTgTmA5pEjuQ==

has-flag@^3.0.0:
  version "3.0.0"
  resolved "https://registry.yarnpkg.com/has-flag/-/has-flag-3.0.0.tgz#b5d454dc2199ae225699f3467e5a07f3b955bafd"
  integrity sha1-tdRU3CGZriJWmfNGfloH87lVuv0=

is-module@^1.0.0:
  version "1.0.0"
  resolved "https://registry.yarnpkg.com/is-module/-/is-module-1.0.0.tgz#3258fb69f78c14d5b815d664336b4cffb6441591"
  integrity sha1-Mlj7afeMFNW4FdZkM2tM/7ZEFZE=

is-reference@^1.1.2:
  version "1.1.4"
  resolved "https://registry.yarnpkg.com/is-reference/-/is-reference-1.1.4.tgz#3f95849886ddb70256a3e6d062b1a68c13c51427"
  integrity sha512-uJA/CDPO3Tao3GTrxYn6AwkM4nUPJiGGYu5+cB8qbC7WGFlrKZbiRo7SFKxUAEpFUfiHofWCXBUNhvYJMh+6zw==
  dependencies:
    "@types/estree" "0.0.39"

jest-worker@^24.9.0:
  version "24.9.0"
  resolved "https://registry.yarnpkg.com/jest-worker/-/jest-worker-24.9.0.tgz#5dbfdb5b2d322e98567898238a9697bcce67b3e5"
  integrity sha512-51PE4haMSXcHohnSMdM42anbvZANYTqMrr52tVKPqqsPJMzoP6FYYDVqahX/HrAoKEKz3uUPzSvKs9A3qR4iVw==
  dependencies:
    merge-stream "^2.0.0"
    supports-color "^6.1.0"

js-tokens@^4.0.0:
  version "4.0.0"
  resolved "https://registry.yarnpkg.com/js-tokens/-/js-tokens-4.0.0.tgz#19203fb59991df98e3a287050d4647cdeaf32499"
  integrity sha512-RdJUflcE3cUzKiMqQgsCu06FPu9UdIJO0beYbPhHN4k6apgJtifcoCtT9bcxOpYBtpD2kCM6Sbzg4CausW/PKQ==

lit-element@^2.2.1, lit-element@^2.3.1:
  version "2.3.1"
  resolved "https://registry.yarnpkg.com/lit-element/-/lit-element-2.3.1.tgz#73343b978fa1e73d60526c6bb6ad60f53a16c343"
  integrity sha512-tOcUAmeO3BzwiQ7FGWdsshNvC0HVHcTFYw/TLIImmKwXYoV0E7zCBASa8IJ7DiP4cen/Yoj454gS0qqTnIGsFA==
  dependencies:
    lit-html "^1.1.1"

lit-html@^1.1.1:
  version "1.2.1"
  resolved "https://registry.yarnpkg.com/lit-html/-/lit-html-1.2.1.tgz#1fb933dc1e2ddc095f60b8086277d4fcd9d62cc8"
  integrity sha512-GSJHHXMGLZDzTRq59IUfL9FCdAlGfqNp/dEa7k7aBaaWD+JKaCjsAk9KYm2V12ItonVaYx2dprN66Zdm1AuBTQ==

lodash-es@^4.17.15:
  version "4.17.15"
  resolved "https://registry.yarnpkg.com/lodash-es/-/lodash-es-4.17.15.tgz#21bd96839354412f23d7a10340e5eac6ee455d78"
  integrity sha512-rlrc3yU3+JNOpZ9zj5pQtxnx2THmvRykwL4Xlxoa8I9lHBlVbbyPhgyPMioxVZ4NqyxaVVtaJnzsyOidQIhyyQ==

magic-string@^0.25.2:
  version "0.25.7"
  resolved "https://registry.yarnpkg.com/magic-string/-/magic-string-0.25.7.tgz#3f497d6fd34c669c6798dcb821f2ef31f5445051"
  integrity sha512-4CrMT5DOHTDk4HYDlzmwu4FVCcIYI8gauveasrdCu2IKIFOJ3f0v/8MDGJCDL9oD2ppz/Av1b0Nj345H9M+XIA==
  dependencies:
    sourcemap-codec "^1.4.4"

marked@~0.3.9:
  version "0.3.19"
  resolved "https://registry.yarnpkg.com/marked/-/marked-0.3.19.tgz#5d47f709c4c9fc3c216b6d46127280f40b39d790"
  integrity sha512-ea2eGWOqNxPcXv8dyERdSr/6FmzvWwzjMxpfGB/sbMccXoct+xY+YukPD+QTUZwyvK7BZwcr4m21WBOW41pAkg==

merge-stream@^2.0.0:
  version "2.0.0"
  resolved "https://registry.yarnpkg.com/merge-stream/-/merge-stream-2.0.0.tgz#52823629a14dd00c9770fb6ad47dc6310f2c1f60"
  integrity sha512-abv/qOcuPfk3URPfDzmZU1LKmuw8kT+0nIHvKrKgFrwifol/doWcdA4ZqsWQ8ENrFKkd67Mfpo/LovbIUsbt3w==

path-parse@^1.0.6:
  version "1.0.6"
  resolved "https://registry.yarnpkg.com/path-parse/-/path-parse-1.0.6.tgz#d62dbb5679405d72c4737ec58600e9ddcf06d24c"
  integrity sha512-GSmOT2EbHrINBf9SR7CDELwlJ8AENk3Qn7OikK4nFYAu3Ote2+JYNVvkpAEQm3/TLNEJFD/xZJjzyxg3KBWOzw==

resolve@^1.11.0, resolve@^1.11.1:
  version "1.17.0"
  resolved "https://registry.yarnpkg.com/resolve/-/resolve-1.17.0.tgz#b25941b54968231cc2d1bb76a79cb7f2c0bf8444"
  integrity sha512-ic+7JYiV8Vi2yzQGFWOkiZD5Z9z7O2Zhm9XMaTxdJExKasieFCr+yXZ/WmXsckHiKl12ar0y6XiXDx3m4RHn1w==
  dependencies:
    path-parse "^1.0.6"

rollup-plugin-commonjs@^10.1.0:
  version "10.1.0"
  resolved "https://registry.yarnpkg.com/rollup-plugin-commonjs/-/rollup-plugin-commonjs-10.1.0.tgz#417af3b54503878e084d127adf4d1caf8beb86fb"
  integrity sha512-jlXbjZSQg8EIeAAvepNwhJj++qJWNJw1Cl0YnOqKtP5Djx+fFGkp3WRh+W0ASCaFG5w1jhmzDxgu3SJuVxPF4Q==
  dependencies:
    estree-walker "^0.6.1"
    is-reference "^1.1.2"
    magic-string "^0.25.2"
    resolve "^1.11.0"
    rollup-pluginutils "^2.8.1"

rollup-plugin-node-resolve@^5.2.0:
  version "5.2.0"
  resolved "https://registry.yarnpkg.com/rollup-plugin-node-resolve/-/rollup-plugin-node-resolve-5.2.0.tgz#730f93d10ed202473b1fb54a5997a7db8c6d8523"
  integrity sha512-jUlyaDXts7TW2CqQ4GaO5VJ4PwwaV8VUGA7+km3n6k6xtOEacf61u0VXwN80phY/evMcaS+9eIeJ9MOyDxt5Zw==
  dependencies:
    "@types/resolve" "0.0.8"
    builtin-modules "^3.1.0"
    is-module "^1.0.0"
    resolve "^1.11.1"
    rollup-pluginutils "^2.8.1"

rollup-plugin-terser@^5.3.0:
  version "5.3.0"
  resolved "https://registry.yarnpkg.com/rollup-plugin-terser/-/rollup-plugin-terser-5.3.0.tgz#9c0dd33d5771df9630cd027d6a2559187f65885e"
  integrity sha512-XGMJihTIO3eIBsVGq7jiNYOdDMb3pVxuzY0uhOE/FM4x/u9nQgr3+McsjzqBn3QfHIpNSZmFnpoKAwHBEcsT7g==
  dependencies:
    "@babel/code-frame" "^7.5.5"
    jest-worker "^24.9.0"
    rollup-pluginutils "^2.8.2"
    serialize-javascript "^2.1.2"
    terser "^4.6.2"

rollup-pluginutils@^2.8.1, rollup-pluginutils@^2.8.2:
  version "2.8.2"
  resolved "https://registry.yarnpkg.com/rollup-pluginutils/-/rollup-pluginutils-2.8.2.tgz#72f2af0748b592364dbd3389e600e5a9444a351e"
  integrity sha512-EEp9NhnUkwY8aif6bxgovPHMoMoNr2FulJziTndpt5H9RdwC47GSGuII9XxpSdzVGM0GWrNPHV6ie1LTNJPaLQ==
  dependencies:
    estree-walker "^0.6.1"

rollup@^2.10.7:
  version "2.10.7"
  resolved "https://registry.yarnpkg.com/rollup/-/rollup-2.10.7.tgz#7d1a9fa8de146615a098836480df6f8b31c2f058"
  integrity sha512-rofUSH2i4GymWhQq6bfRaSiVbz4LEB4h/7+AhuXCaeOSwQqClD0hINjs59j8SyfQwcqe83NcVJAY2kjp0h33bQ==
  optionalDependencies:
    fsevents "~2.1.2"

serialize-javascript@^2.1.2:
  version "2.1.2"
  resolved "https://registry.yarnpkg.com/serialize-javascript/-/serialize-javascript-2.1.2.tgz#ecec53b0e0317bdc95ef76ab7074b7384785fa61"
  integrity sha512-rs9OggEUF0V4jUSecXazOYsLfu7OGK2qIn3c7IPBiffz32XniEp/TX9Xmc9LQfK2nQ2QKHvZ2oygKUGU0lG4jQ==

source-map-support@~0.5.12:
  version "0.5.19"
  resolved "https://registry.yarnpkg.com/source-map-support/-/source-map-support-0.5.19.tgz#a98b62f86dcaf4f67399648c085291ab9e8fed61"
  integrity sha512-Wonm7zOCIJzBGQdB+thsPar0kYuCIzYvxZwlBa87yi/Mdjv7Tip2cyVbLj5o0cFPN4EVkuTwb3GDDyUx2DGnGw==
  dependencies:
    buffer-from "^1.0.0"
    source-map "^0.6.0"

source-map@^0.6.0, source-map@~0.6.1:
  version "0.6.1"
  resolved "https://registry.yarnpkg.com/source-map/-/source-map-0.6.1.tgz#74722af32e9614e9c287a8d0bbde48b5e2f1a263"
  integrity sha512-UjgapumWlbMhkBgzT7Ykc5YXUT46F0iKu8SGXq0bcwP5dz/h0Plj6enJqjz1Zbq2l5WaqYnrVbwWOWMyF3F47g==

sourcemap-codec@^1.4.4:
  version "1.4.8"
  resolved "https://registry.yarnpkg.com/sourcemap-codec/-/sourcemap-codec-1.4.8.tgz#ea804bd94857402e6992d05a38ef1ae35a9ab4c4"
  integrity sha512-9NykojV5Uih4lgo5So5dtw+f0JgJX30KCNI8gwhz2J9A15wD0Ml6tjHKwf6fTSa6fAdVBdZeNOs9eJ71qCk8vA==

supports-color@^5.3.0:
  version "5.5.0"
  resolved "https://registry.yarnpkg.com/supports-color/-/supports-color-5.5.0.tgz#e2e69a44ac8772f78a1ec0b35b689df6530efc8f"
  integrity sha512-QjVjwdXIt408MIiAqCX4oUKsgU2EqAGzs2Ppkm4aQYbjm+ZEWEcW4SfFNTr4uMNZma0ey4f5lgLrkB0aX0QMow==
  dependencies:
    has-flag "^3.0.0"

supports-color@^6.1.0:
  version "6.1.0"
  resolved "https://registry.yarnpkg.com/supports-color/-/supports-color-6.1.0.tgz#0764abc69c63d5ac842dd4867e8d025e880df8f3"
  integrity sha512-qe1jfm1Mg7Nq/NSh6XE24gPXROEVsWHxC1LIx//XNlD9iw7YZQGjZNjYN7xGaEG6iKdA8EtNFW6R0gjnVXp+wQ==
  dependencies:
    has-flag "^3.0.0"

terser@^4.6.2:
  version "4.7.0"
  resolved "https://registry.yarnpkg.com/terser/-/terser-4.7.0.tgz#15852cf1a08e3256a80428e865a2fa893ffba006"
  integrity sha512-Lfb0RiZcjRDXCC3OSHJpEkxJ9Qeqs6mp2v4jf2MHfy8vGERmVDuvjXdd/EnP5Deme5F2yBRBymKmKHCBg2echw==
  dependencies:
    commander "^2.20.0"
    source-map "~0.6.1"
    source-map-support "~0.5.12"

webfontloader@^1.6.28:
  version "1.6.28"
  resolved "https://registry.yarnpkg.com/webfontloader/-/webfontloader-1.6.28.tgz#db786129253cb6e8eae54c2fb05f870af6675bae"
  integrity sha1-23hhKSU8tujq5UwvsF+HCvZnW64=
